
Microsoft Visual Studio Solution File, Format Version 12.00
# Visual Studio Version 17
VisualStudioVersion = 17.3.32929.385
MinimumVisualStudioVersion = 10.0.40219.1
Project("{FAE04EC0-301F-11D3-BF4B-00C04F79EFBC}") = "Shoes", "Shoes\Shoes.csproj", "{5DCD9901-32A0-48DC-A90B-0396E10FF754}"
EndProject
Global
	GlobalSection(SolutionConfigurationPlatforms) = preSolution
		Debug|Any CPU = Debug|Any CPU
		Release|Any CPU = Release|Any CPU
	EndGlobalSection
	GlobalSection(ProjectConfigurationPlatforms) = postSolution
		{5DCD9901-32A0-48DC-A90B-0396E10FF754}.Debug|Any CPU.ActiveCfg = Debug|Any CPU
		{5DCD9901-32A0-48DC-A90B-0396E10FF754}.Debug|Any CPU.Build.0 = Debug|Any CPU
		{5DCD9901-32A0-48DC-A90B-0396E10FF754}.Release|Any CPU.ActiveCfg = Release|Any CPU
		{5DCD9901-32A0-48DC-A90B-0396E10FF754}.Release|Any CPU.Build.0 = Release|Any CPU
	EndGlobalSection
	GlobalSection(SolutionProperties) = preSolution
		HideSolutionNode = FALSE
	EndGlobalSection
	GlobalSection(ExtensibilityGlobals) = postSolution
		SolutionGuid = {F5A2C756-ED44-4E1A-A2C9-2209516F8030}
	EndGlobalSection
EndGlobal
